
Microsoft Visual Studio Solution File, Format Version 12.00
# Visual Studio Version 17
VisualStudioVersion = 17.9.34701.34
MinimumVisualStudioVersion = 10.0.40219.1
Project("{FAE04EC0-301F-11D3-BF4B-00C04F79EFBC}") = "Mainform and login", "Mainform and login\Mainform and login.csproj", "{6048B230-40D7-4A3A-AC7A-4B7FBAB81BDC}"
EndProject
Global
	GlobalSection(SolutionConfigurationPlatforms) = preSolution
		Debug|Any CPU = Debug|Any CPU
		Release|Any CPU = Release|Any CPU
	EndGlobalSection
	GlobalSection(ProjectConfigurationPlatforms) = postSolution
		{6048B230-40D7-4A3A-AC7A-4B7FBAB81BDC}.Debug|Any CPU.ActiveCfg = Debug|Any CPU
		{6048B230-40D7-4A3A-AC7A-4B7FBAB81BDC}.Debug|Any CPU.Build.0 = Debug|Any CPU
		{6048B230-40D7-4A3A-AC7A-4B7FBAB81BDC}.Release|Any CPU.ActiveCfg = Release|Any CPU
		{6048B230-40D7-4A3A-AC7A-4B7FBAB81BDC}.Release|Any CPU.Build.0 = Release|Any CPU
	EndGlobalSection
	GlobalSection(SolutionProperties) = preSolution
		HideSolutionNode = FALSE
	EndGlobalSection
	GlobalSection(ExtensibilityGlobals) = postSolution
		SolutionGuid = {44CFFF0A-ADB1-43D7-ACCB-31B4DB08EFDF}
	EndGlobalSection
EndGlobal
